
Microsoft Visual Studio Solution File, Format Version 12.00
# Visual Studio Version 17
VisualStudioVersion = 17.1.32228.430
MinimumVisualStudioVersion = 10.0.40219.1
Project("{FAE04EC0-301F-11D3-BF4B-00C04F79EFBC}") = "Modul4_1302190022", "Modul4_1302190022\Modul4_1302190022.csproj", "{BF37FCDB-9DD8-4DE8-9369-66AA0BC7CD13}"
EndProject
Global
	GlobalSection(SolutionConfigurationPlatforms) = preSolution
		Debug|Any CPU = Debug|Any CPU
		Release|Any CPU = Release|Any CPU
	EndGlobalSection
	GlobalSection(ProjectConfigurationPlatforms) = postSolution
		{BF37FCDB-9DD8-4DE8-9369-66AA0BC7CD13}.Debug|Any CPU.ActiveCfg = Debug|Any CPU
		{BF37FCDB-9DD8-4DE8-9369-66AA0BC7CD13}.Debug|Any CPU.Build.0 = Debug|Any CPU
		{BF37FCDB-9DD8-4DE8-9369-66AA0BC7CD13}.Release|Any CPU.ActiveCfg = Release|Any CPU
		{BF37FCDB-9DD8-4DE8-9369-66AA0BC7CD13}.Release|Any CPU.Build.0 = Release|Any CPU
	EndGlobalSection
	GlobalSection(SolutionProperties) = preSolution
		HideSolutionNode = FALSE
	EndGlobalSection
	GlobalSection(ExtensibilityGlobals) = postSolution
		SolutionGuid = {F04CFB6D-2726-4EE4-978B-3086B1591662}
	EndGlobalSection
EndGlobal
